// !$*UTF8*$!
{
	archiveVersion = 1;
	classes = {
	};
	objectVersion = 56;
	objects = {

/* Begin PBXBuildFile section */
		8CA446AE28CCF7C200F13849 /* CreditCardsApp.swift in Sources */ = {isa = PBXBuildFile; fileRef = 8CA446AD28CCF7C200F13849 /* CreditCardsApp.swift */; };
		8CA446B028CCF7C200F13849 /* ContentView.swift in Sources */ = {isa = PBXBuildFile; fileRef = 8CA446AF28CCF7C200F13849 /* ContentView.swift */; };
		8CA446B228CCF7C300F13849 /* Assets.xcassets in Resources */ = {isa = PBXBuildFile; fileRef = 8CA446B128CCF7C300F13849 /* Assets.xcassets */; };
		8CA446B528CCF7C300F13849 /* Preview Assets.xcassets in Resources */ = {isa = PBXBuildFile; fileRef = 8CA446B428CCF7C300F13849 /* Preview Assets.xcassets */; };
		8CA446B728CCF7C300F13849 /* Persistence.swift in Sources */ = {isa = PBXBuildFile; fileRef = 8CA446B628CCF7C300F13849 /* Persistence.swift */; };
		8CA446BA28CCF7C300F13849 /* CreditCards.xcdatamodeld in Sources */ = {isa = PBXBuildFile; fileRef = 8CA446B828CCF7C300F13849 /* CreditCards.xcdatamodeld */; };
		8CA446C328CCFCE300F13849 /* CardsViewModel.swift in Sources */ = {isa = PBXBuildFile; fileRef = 8CA446C228CCFCE300F13849 /* CardsViewModel.swift */; };
		8CA446C928CD014B00F13849 /* Home.swift in Sources */ = {isa = PBXBuildFile; fileRef = 8CA446C828CD014B00F13849 /* Home.swift */; };
		8CA446CB28CD016600F13849 /* AddCardView.swift in Sources */ = {isa = PBXBuildFile; fileRef = 8CA446CA28CD016600F13849 /* AddCardView.swift */; };
		8CA446CD28CD180700F13849 /* PurchaseView.swift in Sources */ = {isa = PBXBuildFile; fileRef = 8CA446CC28CD180700F13849 /* PurchaseView.swift */; };
		8CA446CF28CD181800F13849 /* AddPurchaseView.swift in Sources */ = {isa = PBXBuildFile; fileRef = 8CA446CE28CD181800F13849 /* AddPurchaseView.swift */; };
		8CA446D328CD1A0300F13849 /* PurchasesViewModel.swift in Sources */ = {isa = PBXBuildFile; fileRef = 8CA446D228CD1A0300F13849 /* PurchasesViewModel.swift */; };
		8CA446D528CD32F500F13849 /* DeleteCardView.swift in Sources */ = {isa = PBXBuildFile; fileRef = 8CA446D428CD32F500F13849 /* DeleteCardView.swift */; };
/* End PBXBuildFile section */

/* Begin PBXFileReference section */
		8CA446AA28CCF7C200F13849 /* CreditCards.app */ = {isa = PBXFileReference; explicitFileType = wrapper.application; includeInIndex = 0; path = CreditCards.app; sourceTree = BUILT_PRODUCTS_DIR; };
		8CA446AD28CCF7C200F13849 /* CreditCardsApp.swift */ = {isa = PBXFileReference; lastKnownFileType = sourcecode.swift; path = CreditCardsApp.swift; sourceTree = "<group>"; };
		8CA446AF28CCF7C200F13849 /* ContentView.swift */ = {isa = PBXFileReference; lastKnownFileType = sourcecode.swift; path = ContentView.swift; sourceTree = "<group>"; };
		8CA446B128CCF7C300F13849 /* Assets.xcassets */ = {isa = PBXFileReference; lastKnownFileType = folder.assetcatalog; path = Assets.xcassets; sourceTree = "<group>"; };
		8CA446B428CCF7C300F13849 /* Preview Assets.xcassets */ = {isa = PBXFileReference; lastKnownFileType = folder.assetcatalog; path = "Preview Assets.xcassets"; sourceTree = "<group>"; };
		8CA446B628CCF7C300F13849 /* Persistence.swift */ = {isa = PBXFileReference; lastKnownFileType = sourcecode.swift; path = Persistence.swift; sourceTree = "<group>"; };
		8CA446B928CCF7C300F13849 /* CreditCards.xcdatamodel */ = {isa = PBXFileReference; lastKnownFileType = wrapper.xcdatamodel; path = CreditCards.xcdatamodel; sourceTree = "<group>"; };
		8CA446C228CCFCE300F13849 /* CardsViewModel.swift */ = {isa = PBXFileReference; lastKnownFileType = sourcecode.swift; path = CardsViewModel.swift; sourceTree = "<group>"; };
		8CA446C828CD014B00F13849 /* Home.swift */ = {isa = PBXFileReference; lastKnownFileType = sourcecode.swift; path = Home.swift; sourceTree = "<group>"; };
		8CA446CA28CD016600F13849 /* AddCardView.swift */ = {isa = PBXFileReference; lastKnownFileType = sourcecode.swift; path = AddCardView.swift; sourceTree = "<group>"; };
		8CA446CC28CD180700F13849 /* PurchaseView.swift */ = {isa = PBXFileReference; lastKnownFileType = sourcecode.swift; path = PurchaseView.swift; sourceTree = "<group>"; };
		8CA446CE28CD181800F13849 /* AddPurchaseView.swift */ = {isa = PBXFileReference; lastKnownFileType = sourcecode.swift; path = AddPurchaseView.swift; sourceTree = "<group>"; };
		8CA446D228CD1A0300F13849 /* PurchasesViewModel.swift */ = {isa = PBXFileReference; lastKnownFileType = sourcecode.swift; path = PurchasesViewModel.swift; sourceTree = "<group>"; };
		8CA446D428CD32F500F13849 /* DeleteCardView.swift */ = {isa = PBXFileReference; lastKnownFileType = sourcecode.swift; path = DeleteCardView.swift; sourceTree = "<group>"; };
/* End PBXFileReference section */

/* Begin PBXFrameworksBuildPhase section */
		8CA446A728CCF7C200F13849 /* Frameworks */ = {
			isa = PBXFrameworksBuildPhase;
			buildActionMask = 2147483647;
			files = (
			);
			runOnlyForDeploymentPostprocessing = 0;
		};
/* End PBXFrameworksBuildPhase section */

/* Begin PBXGroup section */
		8CA446A128CCF7C200F13849 = {
			isa = PBXGroup;
			children = (
				8CA446AC28CCF7C200F13849 /* CreditCards */,
				8CA446AB28CCF7C200F13849 /* Products */,
			);
			sourceTree = "<group>";
		};
		8CA446AB28CCF7C200F13849 /* Products */ = {
			isa = PBXGroup;
			children = (
				8CA446AA28CCF7C200F13849 /* CreditCards.app */,
			);
			name = Products;
			sourceTree = "<group>";
		};
		8CA446AC28CCF7C200F13849 /* CreditCards */ = {
			isa = PBXGroup;
			children = (
				8CA446C128CCFA3D00F13849 /* ViewModels */,
				8CA446C028CCFA3500F13849 /* Views */,
				8CA446AD28CCF7C200F13849 /* CreditCardsApp.swift */,
				8CA446AF28CCF7C200F13849 /* ContentView.swift */,
				8CA446B128CCF7C300F13849 /* Assets.xcassets */,
				8CA446B628CCF7C300F13849 /* Persistence.swift */,
				8CA446B828CCF7C300F13849 /* CreditCards.xcdatamodeld */,
				8CA446B328CCF7C300F13849 /* Preview Content */,
			);
			path = CreditCards;
			sourceTree = "<group>";
		};
		8CA446B328CCF7C300F13849 /* Preview Content */ = {
			isa = PBXGroup;
			children = (
				8CA446B428CCF7C300F13849 /* Preview Assets.xcassets */,
			);
			path = "Preview Content";
			sourceTree = "<group>";
		};
		8CA446C028CCFA3500F13849 /* Views */ = {
			isa = PBXGroup;
			children = (
				8CA446C828CD014B00F13849 /* Home.swift */,
				8CA446CA28CD016600F13849 /* AddCardView.swift */,
				8CA446CC28CD180700F13849 /* PurchaseView.swift */,
				8CA446CE28CD181800F13849 /* AddPurchaseView.swift */,
				8CA446D428CD32F500F13849 /* DeleteCardView.swift */,
			);
			path = Views;
			sourceTree = "<group>";
		};
		8CA446C128CCFA3D00F13849 /* ViewModels */ = {
			isa = PBXGroup;
			children = (
				8CA446C228CCFCE300F13849 /* CardsViewModel.swift */,
				8CA446D228CD1A0300F13849 /* PurchasesViewModel.swift */,
			);
			path = ViewModels;
			sourceTree = "<group>";
		};
/* End PBXGroup section */

/* Begin PBXNativeTarget section */
		8CA446A928CCF7C200F13849 /* CreditCards */ = {
			isa = PBXNativeTarget;
			buildConfigurationList = 8CA446BD28CCF7C300F13849 /* Build configuration list for PBXNativeTarget "CreditCards" */;
			buildPhases = (
				8CA446A628CCF7C200F13849 /* Sources */,
				8CA446A728CCF7C200F13849 /* Frameworks */,
				8CA446A828CCF7C200F13849 /* Resources */,
			);
			buildRules = (
			);
			dependencies = (
			);
			name = CreditCards;
			productName = CreditCards;
			productReference = 8CA446AA28CCF7C200F13849 /* CreditCards.app */;
			productType = "com.apple.product-type.application";
		};
/* End PBXNativeTarget section */

/* Begin PBXProject section */
		8CA446A228CCF7C200F13849 /* Project object */ = {
			isa = PBXProject;
			attributes = {
				BuildIndependentTargetsInParallel = 1;
				LastSwiftUpdateCheck = 1400;
				LastUpgradeCheck = 1600;
				TargetAttributes = {
					8CA446A928CCF7C200F13849 = {
						CreatedOnToolsVersion = 14.0;
					};
				};
			};
			buildConfigurationList = 8CA446A528CCF7C200F13849 /* Build configuration list for PBXProject "CreditCards" */;
			compatibilityVersion = "Xcode 14.0";
			developmentRegion = en;
			hasScannedForEncodings = 0;
			knownRegions = (
				en,
				Base,
			);
			mainGroup = 8CA446A128CCF7C200F13849;
			productRefGroup = 8CA446AB28CCF7C200F13849 /* Products */;
			projectDirPath = "";
			projectRoot = "";
			targets = (
				8CA446A928CCF7C200F13849 /* CreditCards */,
			);
		};
/* End PBXProject section */

/* Begin PBXResourcesBuildPhase section */
		8CA446A828CCF7C200F13849 /* Resources */ = {
			isa = PBXResourcesBuildPhase;
			buildActionMask = 2147483647;
			files = (
				8CA446B528CCF7C300F13849 /* Preview Assets.xcassets in Resources */,
				8CA446B228CCF7C300F13849 /* Assets.xcassets in Resources */,
			);
			runOnlyForDeploymentPostprocessing = 0;
		};
/* End PBXResourcesBuildPhase section */

/* Begin PBXSourcesBuildPhase section */
		8CA446A628CCF7C200F13849 /* Sources */ = {
			isa = PBXSourcesBuildPhase;
			buildActionMask = 2147483647;
			files = (
				8CA446BA28CCF7C300F13849 /* CreditCards.xcdatamodeld in Sources */,
				8CA446B728CCF7C300F13849 /* Persistence.swift in Sources */,
				8CA446C328CCFCE300F13849 /* CardsViewModel.swift in Sources */,
				8CA446CD28CD180700F13849 /* PurchaseView.swift in Sources */,
				8CA446B028CCF7C200F13849 /* ContentView.swift in Sources */,
				8CA446CF28CD181800F13849 /* AddPurchaseView.swift in Sources */,
				8CA446C928CD014B00F13849 /* Home.swift in Sources */,
				8CA446D328CD1A0300F13849 /* PurchasesViewModel.swift in Sources */,
				8CA446D528CD32F500F13849 /* DeleteCardView.swift in Sources */,
				8CA446AE28CCF7C200F13849 /* CreditCardsApp.swift in Sources */,
				8CA446CB28CD016600F13849 /* AddCardView.swift in Sources */,
			);
			runOnlyForDeploymentPostprocessing = 0;
		};
/* End PBXSourcesBuildPhase section */

/* Begin XCBuildConfiguration section */
		8CA446BB28CCF7C300F13849 /* Debug */ = {
			isa = XCBuildConfiguration;
			buildSettings = {
				ALWAYS_SEARCH_USER_PATHS = NO;
				CLANG_ANALYZER_NONNULL = YES;
				CLANG_ANALYZER_NUMBER_OBJECT_CONVERSION = YES_AGGRESSIVE;
				CLANG_CXX_LANGUAGE_STANDARD = "gnu++20";
				CLANG_ENABLE_MODULES = YES;
				CLANG_ENABLE_OBJC_ARC = YES;
				CLANG_ENABLE_OBJC_WEAK = YES;
				CLANG_WARN_BLOCK_CAPTURE_AUTORELEASING = YES;
				CLANG_WARN_BOOL_CONVERSION = YES;
				CLANG_WARN_COMMA = YES;
				CLANG_WARN_CONSTANT_CONVERSION = YES;
				CLANG_WARN_DEPRECATED_OBJC_IMPLEMENTATIONS = YES;
				CLANG_WARN_DIRECT_OBJC_ISA_USAGE = YES_ERROR;
				CLANG_WARN_DOCUMENTATION_COMMENTS = YES;
				CLANG_WARN_EMPTY_BODY = YES;
				CLANG_WARN_ENUM_CONVERSION = YES;
				CLANG_WARN_INFINITE_RECURSION = YES;
				CLANG_WARN_INT_CONVERSION = YES;
				CLANG_WARN_NON_LITERAL_NULL_CONVERSION = YES;
				CLANG_WARN_OBJC_IMPLICIT_RETAIN_SELF = YES;
				CLANG_WARN_OBJC_LITERAL_CONVERSION = YES;
				CLANG_WARN_OBJC_ROOT_CLASS = YES_ERROR;
				CLANG_WARN_QUOTED_INCLUDE_IN_FRAMEWORK_HEADER = YES;
				CLANG_WARN_RANGE_LOOP_ANALYSIS = YES;
				CLANG_WARN_STRICT_PROTOTYPES = YES;
				CLANG_WARN_SUSPICIOUS_MOVE = YES;
				CLANG_WARN_UNGUARDED_AVAILABILITY = YES_AGGRESSIVE;
				CLANG_WARN_UNREACHABLE_CODE = YES;
				CLANG_WARN__DUPLICATE_METHOD_MATCH = YES;
				COPY_PHASE_STRIP = NO;
				DEBUG_INFORMATION_FORMAT = dwarf;
				ENABLE_STRICT_OBJC_MSGSEND = YES;
				ENABLE_TESTABILITY = YES;
				ENABLE_USER_SCRIPT_SANDBOXING = YES;
				GCC_C_LANGUAGE_STANDARD = gnu11;
				GCC_DYNAMIC_NO_PIC = NO;
				GCC_NO_COMMON_BLOCKS = YES;
				GCC_OPTIMIZATION_LEVEL = 0;
				GCC_PREPROCESSOR_DEFINITIONS = (
					"DEBUG=1",
					"$(inherited)",
				);
				GCC_WARN_64_TO_32_BIT_CONVERSION = YES;
				GCC_WARN_ABOUT_RETURN_TYPE = YES_ERROR;
				GCC_WARN_UNDECLARED_SELECTOR = YES;
				GCC_WARN_UNINITIALIZED_AUTOS = YES_AGGRESSIVE;
				GCC_WARN_UNUSED_FUNCTION = YES;
				GCC_WARN_UNUSED_VARIABLE = YES;
				IPHONEOS_DEPLOYMENT_TARGET = 15.6;
				MTL_ENABLE_DEBUG_INFO = INCLUDE_SOURCE;
				MTL_FAST_MATH = YES;
				ONLY_ACTIVE_ARCH = YES;
				SDKROOT = iphoneos;
				SWIFT_ACTIVE_COMPILATION_CONDITIONS = DEBUG;
				SWIFT_OPTIMIZATION_LEVEL = "-Onone";
			};
			name = Debug;
		};
		8CA446BC28CCF7C300F13849 /* Release */ = {
			isa = XCBuildConfiguration;
			buildSettings = {
				ALWAYS_SEARCH_USER_PATHS = NO;
				CLANG_ANALYZER_NONNULL = YES;
				CLANG_ANALYZER_NUMBER_OBJECT_CONVERSION = YES_AGGRESSIVE;
				CLANG_CXX_LANGUAGE_STANDARD = "gnu++20";
				CLANG_ENABLE_MODULES = YES;
				CLANG_ENABLE_OBJC_ARC = YES;
				CLANG_ENABLE_OBJC_WEAK = YES;
				CLANG_WARN_BLOCK_CAPTURE_AUTORELEASING = YES;
				CLANG_WARN_BOOL_CONVERSION = YES;
				CLANG_WARN_COMMA = YES;
				CLANG_WARN_CONSTANT_CONVERSION = YES;
				CLANG_WARN_DEPRECATED_OBJC_IMPLEMENTATIONS = YES;
				CLANG_WARN_DIRECT_OBJC_ISA_USAGE = YES_ERROR;
				CLANG_WARN_DOCUMENTATION_COMMENTS = YES;
				CLANG_WARN_EMPTY_BODY = YES;
				CLANG_WARN_ENUM_CONVERSION = YES;
				CLANG_WARN_INFINITE_RECURSION = YES;
				CLANG_WARN_INT_CONVERSION = YES;
				CLANG_WARN_NON_LITERAL_NULL_CONVERSION = YES;
				CLANG_WARN_OBJC_IMPLICIT_RETAIN_SELF = YES;
				CLANG_WARN_OBJC_LITERAL_CONVERSION = YES;
				CLANG_WARN_OBJC_ROOT_CLASS = YES_ERROR;
				CLANG_WARN_QUOTED_INCLUDE_IN_FRAMEWORK_HEADER = YES;
				CLANG_WARN_RANGE_LOOP_ANALYSIS = YES;
				CLANG_WARN_STRICT_PROTOTYPES = YES;
				CLANG_WARN_SUSPICIOUS_MOVE = YES;
				CLANG_WARN_UNGUARDED_AVAILABILITY = YES_AGGRESSIVE;
				CLANG_WARN_UNREACHABLE_CODE = YES;
				CLANG_WARN__DUPLICATE_METHOD_MATCH = YES;
				COPY_PHASE_STRIP = NO;
				DEBUG_INFORMATION_FORMAT = "dwarf-with-dsym";
				ENABLE_NS_ASSERTIONS = NO;
				ENABLE_STRICT_OBJC_MSGSEND = YES;
				ENABLE_USER_SCRIPT_SANDBOXING = YES;
				GCC_C_LANGUAGE_STANDARD = gnu11;
				GCC_NO_COMMON_BLOCKS = YES;
				GCC_WARN_64_TO_32_BIT_CONVERSION = YES;
				GCC_WARN_ABOUT_RETURN_TYPE = YES_ERROR;
				GCC_WARN_UNDECLARED_SELECTOR = YES;
				GCC_WARN_UNINITIALIZED_AUTOS = YES_AGGRESSIVE;
				GCC_WARN_UNUSED_FUNCTION = YES;
				GCC_WARN_UNUSED_VARIABLE = YES;
				IPHONEOS_DEPLOYMENT_TARGET = 15.6;
				MTL_ENABLE_DEBUG_INFO = NO;
				MTL_FAST_MATH = YES;
				SDKROOT = iphoneos;
				SWIFT_COMPILATION_MODE = wholemodule;
				SWIFT_OPTIMIZATION_LEVEL = "-O";
				VALIDATE_PRODUCT = YES;
			};
			name = Release;
		};
		8CA446BE28CCF7C300F13849 /* Debug */ = {
			isa = XCBuildConfiguration;
			buildSettings = {
				ASSETCATALOG_COMPILER_APPICON_NAME = AppIcon;
				ASSETCATALOG_COMPILER_GLOBAL_ACCENT_COLOR_NAME = AccentColor;
				CODE_SIGN_STYLE = Automatic;
				CURRENT_PROJECT_VERSION = 1;
				DEVELOPMENT_ASSET_PATHS = "\"CreditCards/Preview Content\"";
				DEVELOPMENT_TEAM = "";
				ENABLE_PREVIEWS = YES;
				GENERATE_INFOPLIST_FILE = YES;
				INFOPLIST_KEY_UIApplicationSceneManifest_Generation = YES;
				INFOPLIST_KEY_UIApplicationSupportsIndirectInputEvents = YES;
				INFOPLIST_KEY_UILaunchScreen_Generation = YES;
				INFOPLIST_KEY_UISupportedInterfaceOrientations_iPad = "UIInterfaceOrientationPortrait UIInterfaceOrientationPortraitUpsideDown UIInterfaceOrientationLandscapeLeft UIInterfaceOrientationLandscapeRight";
				INFOPLIST_KEY_UISupportedInterfaceOrientations_iPhone = "UIInterfaceOrientationPortrait UIInterfaceOrientationLandscapeLeft UIInterfaceOrientationLandscapeRight";
				IPHONEOS_DEPLOYMENT_TARGET = 17.6;
				LD_RUNPATH_SEARCH_PATHS = (
					"$(inherited)",
					"@executable_path/Frameworks",
				);
				MARKETING_VERSION = 1.0;
				PRODUCT_BUNDLE_IDENTIFIER = com.jmb.CreditCards;
				PRODUCT_NAME = "$(TARGET_NAME)";
				SWIFT_EMIT_LOC_STRINGS = YES;
				SWIFT_VERSION = 5.0;
				TARGETED_DEVICE_FAMILY = "1,2";
			};
			name = Debug;
		};
		8CA446BF28CCF7C300F13849 /* Release */ = {
			isa = XCBuildConfiguration;
			buildSettings = {
				ASSETCATALOG_COMPILER_APPICON_NAME = AppIcon;
				ASSETCATALOG_COMPILER_GLOBAL_ACCENT_COLOR_NAME = AccentColor;
				CODE_SIGN_STYLE = Automatic;
				CURRENT_PROJECT_VERSION = 1;
				DEVELOPMENT_ASSET_PATHS = "\"CreditCards/Preview Content\"";
				DEVELOPMENT_TEAM = "";
				ENABLE_PREVIEWS = YES;
				GENERATE_INFOPLIST_FILE = YES;
				INFOPLIST_KEY_UIApplicationSceneManifest_Generation = YES;
				INFOPLIST_KEY_UIApplicationSupportsIndirectInputEvents = YES;
				INFOPLIST_KEY_UILaunchScreen_Generation = YES;
				INFOPLIST_KEY_UISupportedInterfaceOrientations_iPad = "UIInterfaceOrientationPortrait UIInterfaceOrientationPortraitUpsideDown UIInterfaceOrientationLandscapeLeft UIInterfaceOrientationLandscapeRight";
				INFOPLIST_KEY_UISupportedInterfaceOrientations_iPhone = "UIInterfaceOrientationPortrait UIInterfaceOrientationLandscapeLeft UIInterfaceOrientationLandscapeRight";
				IPHONEOS_DEPLOYMENT_TARGET = 17.6;
				LD_RUNPATH_SEARCH_PATHS = (
					"$(inherited)",
					"@executable_path/Frameworks",
				);
				MARKETING_VERSION = 1.0;
				PRODUCT_BUNDLE_IDENTIFIER = com.jmb.CreditCards;
				PRODUCT_NAME = "$(TARGET_NAME)";
				SWIFT_EMIT_LOC_STRINGS = YES;
				SWIFT_VERSION = 5.0;
				TARGETED_DEVICE_FAMILY = "1,2";
			};
			name = Release;
		};
/* End XCBuildConfiguration section */

/* Begin XCConfigurationList section */
		8CA446A528CCF7C200F13849 /* Build configuration list for PBXProject "CreditCards" */ = {
			isa = XCConfigurationList;
			buildConfigurations = (
				8CA446BB28CCF7C300F13849 /* Debug */,
				8CA446BC28CCF7C300F13849 /* Release */,
			);
			defaultConfigurationIsVisible = 0;
			defaultConfigurationName = Release;
		};
		8CA446BD28CCF7C300F13849 /* Build configuration list for PBXNativeTarget "CreditCards" */ = {
			isa = XCConfigurationList;
			buildConfigurations = (
				8CA446BE28CCF7C300F13849 /* Debug */,
				8CA446BF28CCF7C300F13849 /* Release */,
			);
			defaultConfigurationIsVisible = 0;
			defaultConfigurationName = Release;
		};
/* End XCConfigurationList section */

/* Begin XCVersionGroup section */
		8CA446B828CCF7C300F13849 /* CreditCards.xcdatamodeld */ = {
			isa = XCVersionGroup;
			children = (
				8CA446B928CCF7C300F13849 /* CreditCards.xcdatamodel */,
			);
			currentVersion = 8CA446B928CCF7C300F13849 /* CreditCards.xcdatamodel */;
			path = CreditCards.xcdatamodeld;
			sourceTree = "<group>";
			versionGroupType = wrapper.xcdatamodel;
		};
/* End XCVersionGroup section */
	};
	rootObject = 8CA446A228CCF7C200F13849 /* Project object */;
}
